<?xml version="1.0" encoding="utf-8"?>
<Project ToolsVersion="4.0" xmlns="http://schemas.microsoft.com/developer/msbuild/2003">
  <ItemGroup>
    <Filter Include="Fichiers sources">
      <UniqueIdentifier>{4FC737F1-C7A5-4376-A066-2A32D752A2FF}</UniqueIdentifier>
      <Extensions>cpp;c;cc;cxx;c++;def;odl;idl;hpj;bat;asm;asmx</Extensions>
    </Filter>
    <Filter Include="Fichiers d%27en-tête">
      <UniqueIdentifier>{93995380-89BD-4b04-88EB-625FBE52EBFB}</UniqueIdentifier>
      <Extensions>h;hh;hpp;hxx;h++;hm;inl;inc;ipp;xsd</Extensions>
    </Filter>
    <Filter Include="Fichiers de ressources">
      <UniqueIdentifier>{67DA6AB6-F800-4c08-8B7A-83BB121AAD01}</UniqueIdentifier>
      <Extensions>rc;ico;cur;bmp;dlg;rc2;rct;bin;rgs;gif;jpg;jpeg;jpe;resx;tiff;tif;png;wav;mfcribbon-ms</Extensions>
    </Filter>
    <Filter Include="Fichiers d%27en-tête\Linear Algebra">
      <UniqueIdentifier>{46958c82-6a50-4777-97e5-b41338f4eb4a}</UniqueIdentifier>
    </Filter>
    <Filter Include="Fichiers d%27en-tête\Abstract Algebra">
      <UniqueIdentifier>{186fc3a8-5d26-4bf6-85a1-6d3ec9ec0f3a}</UniqueIdentifier>
    </Filter>
    <Filter Include="Fichiers d%27en-tête\Basic">
      <UniqueIdentifier>{5044a3b5-b5c9-4e74-ba38-7c3ded8ad308}</UniqueIdentifier>
    </Filter>
    <Filter Include="Fichiers d%27en-tête\Polynomials">
      <UniqueIdentifier>{0f24f333-06c1-4823-b177-b86b9ee669c5}</UniqueIdentifier>
    </Filter>
  </ItemGroup>
  <ItemGroup>
    <ClInclude Include="integer.h">
      <Filter>Fichiers d%27en-tête\Basic</Filter>
    </ClInclude>
    <ClInclude Include="real_field.h">
      <Filter>Fichiers d%27en-tête\Basic</Filter>
    </ClInclude>
    <ClInclude Include="guassian_integer.h">
      <Filter>Fichiers d%27en-tête\Basic</Filter>
    </ClInclude>
    <ClInclude Include="maths_concepts.h">
      <Filter>Fichiers d%27en-tête\Basic</Filter>
    </ClInclude>
    <ClInclude Include="complex.h">
      <Filter>Fichiers d%27en-tête\Basic</Filter>
    </ClInclude>
    <ClInclude Include="absalg\ring.h">
      <Filter>Fichiers d%27en-tête\Abstract Algebra</Filter>
    </ClInclude>
    <ClInclude Include="absalg\group.h">
      <Filter>Fichiers d%27en-tête\Abstract Algebra</Filter>
    </ClInclude>
    <ClInclude Include="absalg\integral_ring.h">
      <Filter>Fichiers d%27en-tête\Abstract Algebra</Filter>
    </ClInclude>
    <ClInclude Include="absalg\field.h">
      <Filter>Fichiers d%27en-tête\Abstract Algebra</Filter>
    </ClInclude>
    <ClInclude Include="poly\free_algebra.h">
      <Filter>Fichiers d%27en-tête\Polynomials</Filter>
    </ClInclude>
    <ClInclude Include="poly\polynomial.h">
      <Filter>Fichiers d%27en-tête\Polynomials</Filter>
    </ClInclude>
    <ClInclude Include="absalg\rational_extension.h">
      <Filter>Fichiers d%27en-tête\Abstract Algebra</Filter>
    </ClInclude>
    <ClInclude Include="linalg\finite_dimensional_module.h">
      <Filter>Fichiers d%27en-tête\Linear Algebra</Filter>
    </ClInclude>
    <ClInclude Include="linalg\finite_dimensional_vector_space.h">
      <Filter>Fichiers d%27en-tête\Linear Algebra</Filter>
    </ClInclude>
    <ClInclude Include="linalg\matrix.h">
      <Filter>Fichiers d%27en-tête\Linear Algebra</Filter>
    </ClInclude>
    <ClInclude Include="linalg\square_matrix.h">
      <Filter>Fichiers d%27en-tête\Linear Algebra</Filter>
    </ClInclude>
    <ClInclude Include="linalg\vector_space.h">
      <Filter>Fichiers d%27en-tête\Linear Algebra</Filter>
    </ClInclude>
    <ClInclude Include="linalg\abstract_module.h">
      <Filter>Fichiers d%27en-tête\Linear Algebra</Filter>
    </ClInclude>
    <ClInclude Include="analysis\normed_space.h">
      <Filter>Fichiers d%27en-tête</Filter>
    </ClInclude>
    <ClInclude Include="analysis\normed_finite_dimensional_space.h">
      <Filter>Fichiers d%27en-tête</Filter>
    </ClInclude>
    <ClInclude Include="analysis\finite_dimensional_inner_product_space.h">
      <Filter>Fichiers d%27en-tête</Filter>
    </ClInclude>
    <ClInclude Include="analysis\sequence.h">
      <Filter>Fichiers d%27en-tête</Filter>
    </ClInclude>
    <ClInclude Include="analysis\function.h">
      <Filter>Fichiers d%27en-tête</Filter>
    </ClInclude>
    <ClInclude Include="analysis\integrable_function.h">
      <Filter>Fichiers d%27en-tête</Filter>
    </ClInclude>
    <ClInclude Include="analysis\integrator\integrator.h">
      <Filter>Fichiers d%27en-tête</Filter>
    </ClInclude>
    <ClInclude Include="analysis\derivator\derivator.h">
      <Filter>Fichiers d%27en-tête</Filter>
    </ClInclude>
    <ClInclude Include="analysis\derivator\default_derivator.h">
      <Filter>Fichiers d%27en-tête</Filter>
    </ClInclude>
    <ClInclude Include="analysis\derivator\two_way_derivator.h">
      <Filter>Fichiers d%27en-tête</Filter>
    </ClInclude>
    <ClInclude Include="analysis\integrator\rectangular_integrator.h">
      <Filter>Fichiers d%27en-tête</Filter>
    </ClInclude>
    <ClInclude Include="analysis\integrator\trapezoidal_integrator.h">
      <Filter>Fichiers d%27en-tête</Filter>
    </ClInclude>
    <ClInclude Include="analysis\integrator\integral_function.h">
      <Filter>Fichiers d%27en-tête</Filter>
    </ClInclude>
    <ClInclude Include="analysis\general_function.h">
      <Filter>Fichiers d%27en-tête</Filter>
    </ClInclude>
    <ClInclude Include="analysis\fourier_transform.h">
      <Filter>Fichiers d%27en-tête</Filter>
    </ClInclude>
    <ClInclude Include="analysis\laplace_tranform.h">
      <Filter>Fichiers d%27en-tête</Filter>
    </ClInclude>
    <ClInclude Include="analysis\integrator\simpson_integrator.h">
      <Filter>Fichiers d%27en-tête</Filter>
    </ClInclude>
    <ClInclude Include="analysis\integrator\double_integrator.h">
      <Filter>Fichiers d%27en-tête</Filter>
    </ClInclude>
    <ClInclude Include="analysis\integrator\triple_integrator.h">
      <Filter>Fichiers d%27en-tête</Filter>
    </ClInclude>
    <ClInclude Include="analysis\integrator\spherical_integrator.h">
      <Filter>Fichiers d%27en-tête</Filter>
    </ClInclude>
    <ClInclude Include="analysis\integrator\circular_integrator.h">
      <Filter>Fichiers d%27en-tête</Filter>
    </ClInclude>
    <ClInclude Include="analysis\integrator\line_integrator.h">
      <Filter>Fichiers d%27en-tête</Filter>
    </ClInclude>
    <ClInclude Include="analysis\special\special.h">
      <Filter>Fichiers d%27en-tête</Filter>
    </ClInclude>
    <ClInclude Include="poly\roots.h">
      <Filter>Fichiers d%27en-tête</Filter>
    </ClInclude>
    <ClInclude Include="absalg\cyclic.h">
      <Filter>Fichiers d%27en-tête</Filter>
    </ClInclude>
    <ClInclude Include="absalg\ring_extension.h">
      <Filter>Fichiers d%27en-tête</Filter>
    </ClInclude>
    <ClInclude Include="linalg\eigen.h">
      <Filter>Fichiers d%27en-tête</Filter>
    </ClInclude>
    <ClInclude Include="linalg\matrix_factory.h">
      <Filter>Fichiers d%27en-tête</Filter>
    </ClInclude>
    <ClInclude Include="analysis\integrator\multiple_integrator.h">
      <Filter>Fichiers d%27en-tête</Filter>
    </ClInclude>
    <ClInclude Include="poly\interpolation.h">
      <Filter>Fichiers d%27en-tête</Filter>
    </ClInclude>
    <ClInclude Include="prob\generator.h">
      <Filter>Fichiers d%27en-tête</Filter>
    </ClInclude>
    <ClInclude Include="prob\uniform_int_generator.h">
      <Filter>Fichiers d%27en-tête</Filter>
    </ClInclude>
    <ClInclude Include="prob\uniform_real_generator.h">
      <Filter>Fichiers d%27en-tête</Filter>
    </ClInclude>
    <ClInclude Include="prob\uniform_complex_generator.h">
      <Filter>Fichiers d%27en-tête</Filter>
    </ClInclude>
    <ClInclude Include="prob\uniform_cyclic_generator.h">
      <Filter>Fichiers d%27en-tête</Filter>
    </ClInclude>
    <ClInclude Include="linalg\multiplicator\multiplicator.h">
      <Filter>Fichiers d%27en-tête</Filter>
    </ClInclude>
    <ClInclude Include="poly\multiplicator\multiplicator.h">
      <Filter>Fichiers d%27en-tête</Filter>
    </ClInclude>
    <ClInclude Include="poly\structure\norm.h">
      <Filter>Fichiers d%27en-tête</Filter>
    </ClInclude>
    <ClInclude Include="poly\structure\inner_product.h">
      <Filter>Fichiers d%27en-tête</Filter>
    </ClInclude>
    <ClInclude Include="poly\structure\metric.h">
      <Filter>Fichiers d%27en-tête</Filter>
    </ClInclude>
    <ClInclude Include="analysis\integrator\special_integrator.h">
      <Filter>Fichiers d%27en-tête</Filter>
    </ClInclude>
    <ClInclude Include="analysis\integrator\disk_integrator.h">
      <Filter>Fichiers d%27en-tête</Filter>
    </ClInclude>
    <ClInclude Include="analysis\integrator\ball_integrator.h">
      <Filter>Fichiers d%27en-tête</Filter>
    </ClInclude>
    <ClInclude Include="linalg\multiplicator\cross_product.h">
      <Filter>Fichiers d%27en-tête</Filter>
    </ClInclude>
    <ClInclude Include="analysis\integrator\surface_integrator.h">
      <Filter>Fichiers d%27en-tête</Filter>
    </ClInclude>
    <ClInclude Include="analysis\integrator\stieltjes_integrator.h">
      <Filter>Fichiers d%27en-tête</Filter>
    </ClInclude>
    <ClInclude Include="analysis\integrator\substitution_integrator.h">
      <Filter>Fichiers d%27en-tête</Filter>
    </ClInclude>
    <ClInclude Include="linalg\structure\vector\inner_product.h">
      <Filter>Fichiers d%27en-tête</Filter>
    </ClInclude>
    <ClInclude Include="linalg\structure\matrix\norm.h">
      <Filter>Fichiers d%27en-tête</Filter>
    </ClInclude>
    <ClInclude Include="linalg\structure\vector\norm.h">
      <Filter>Fichiers d%27en-tête</Filter>
    </ClInclude>
    <ClInclude Include="linalg\structure\matrix\metric.h">
      <Filter>Fichiers d%27en-tête</Filter>
    </ClInclude>
    <ClInclude Include="linalg\structure\vector\metric.h">
      <Filter>Fichiers d%27en-tête</Filter>
    </ClInclude>
    <ClInclude Include="linalg\structure\matrix\inner_product.h">
      <Filter>Fichiers d%27en-tête</Filter>
    </ClInclude>
    <ClInclude Include="analysis\structure\function\inner_product.h">
      <Filter>Fichiers d%27en-tête</Filter>
    </ClInclude>
    <ClInclude Include="analysis\structure\function\metric.h">
      <Filter>Fichiers d%27en-tête</Filter>
    </ClInclude>
    <ClInclude Include="analysis\structure\function\norm.h">
      <Filter>Fichiers d%27en-tête</Filter>
    </ClInclude>
    <ClInclude Include="absalg\structure\abs.h">
      <Filter>Fichiers d%27en-tête</Filter>
    </ClInclude>
    <ClInclude Include="analysis\integral_transform.h">
      <Filter>Fichiers d%27en-tête</Filter>
    </ClInclude>
    <ClInclude Include="analysis\transforms.h">
      <Filter>Fichiers d%27en-tête</Filter>
    </ClInclude>
    <ClInclude Include="analysis\integrator\boundary_integrator.h">
      <Filter>Fichiers d%27en-tête</Filter>
    </ClInclude>
    <ClInclude Include="analysis\integrator\stokes_integrator.h">
      <Filter>Fichiers d%27en-tête</Filter>
    </ClInclude>
    <ClInclude Include="analysis\derivator\differential.h">
      <Filter>Fichiers d%27en-tête</Filter>
    </ClInclude>
    <ClInclude Include="linalg\diagonalisation\diagonalisator.h">
      <Filter>Fichiers d%27en-tête</Filter>
    </ClInclude>
    <ClInclude Include="linalg\diagonalisation\positive_semi_definite_diagonalisator.h">
      <Filter>Fichiers d%27en-tête</Filter>
    </ClInclude>
    <ClInclude Include="analysis\minimser\minimiser.h">
      <Filter>Fichiers d%27en-tête</Filter>
    </ClInclude>
    <ClInclude Include="analysis\minimser\gradient_descent.h">
      <Filter>Fichiers d%27en-tête</Filter>
    </ClInclude>
    <ClInclude Include="analysis\minimser\fixed_rate_gradient_descent.h">
      <Filter>Fichiers d%27en-tête</Filter>
    </ClInclude>
    <ClInclude Include="analysis\minimser\barzilai_borwein_gradient_descent.h">
      <Filter>Fichiers d%27en-tête</Filter>
    </ClInclude>
    <ClInclude Include="analysis\solver\root_finder.h">
      <Filter>Fichiers d%27en-tête</Filter>
    </ClInclude>
    <ClInclude Include="analysis\solver\fixed_point_finder.h">
      <Filter>Fichiers d%27en-tête</Filter>
    </ClInclude>
    <ClInclude Include="analysis\solver\fixed_point_iteration.h">
      <Filter>Fichiers d%27en-tête</Filter>
    </ClInclude>
    <ClInclude Include="analysis\solver\newton_raphson.h">
      <Filter>Fichiers d%27en-tête</Filter>
    </ClInclude>
  </ItemGroup>
  <ItemGroup>
    <ClCompile Include="integer.cpp">
      <Filter>Fichiers sources</Filter>
    </ClCompile>
    <ClCompile Include="main.cpp">
      <Filter>Fichiers sources</Filter>
    </ClCompile>
    <ClCompile Include="guassian_integer.cpp">
      <Filter>Fichiers sources</Filter>
    </ClCompile>
    <ClCompile Include="real_field.cpp">
      <Filter>Fichiers sources</Filter>
    </ClCompile>
    <ClCompile Include="complex.cpp">
      <Filter>Fichiers sources</Filter>
    </ClCompile>
    <ClCompile Include="examples\divergence_verification.cpp">
      <Filter>Fichiers sources</Filter>
    </ClCompile>
    <ClCompile Include="examples\divergence_verification_plane.cpp">
      <Filter>Fichiers sources</Filter>
    </ClCompile>
    <ClCompile Include="examples\green_theorem_verification.cpp">
      <Filter>Fichiers sources</Filter>
    </ClCompile>
    <ClCompile Include="examples\curl_theorem_verification.cpp">
      <Filter>Fichiers sources</Filter>
    </ClCompile>
    <ClCompile Include="analysis\integrator\boole_integrator.h">
      <Filter>Fichiers sources</Filter>
    </ClCompile>
  </ItemGroup>
</Project>